// !$*UTF8*$!
{
	archiveVersion = 1;
	classes = {
	};
	objectVersion = 50;
	objects = {

/* Begin PBXBuildFile section */
		51BEB2E1256E2AB700FB2876 /* CategoryView.swift in Sources */ = {isa = PBXBuildFile; fileRef = 51BEB2E0256E2AB700FB2876 /* CategoryView.swift */; };
		51BEB2EB256E6D8500FB2876 /* TodayView.swift in Sources */ = {isa = PBXBuildFile; fileRef = 51BEB2EA256E6D8400FB2876 /* TodayView.swift */; };
		51BEB2F0256E6E6200FB2876 /* Category.swift in Sources */ = {isa = PBXBuildFile; fileRef = 51BEB2EF256E6E6200FB2876 /* Category.swift */; };
		51BEB2F5256E6ED600FB2876 /* CategoryItem.swift in Sources */ = {isa = PBXBuildFile; fileRef = 51BEB2F4256E6ED600FB2876 /* CategoryItem.swift */; };
		51BEB2FF256E91C400FB2876 /* CategoryInfoView.swift in Sources */ = {isa = PBXBuildFile; fileRef = 51BEB2FE256E91C400FB2876 /* CategoryInfoView.swift */; };
		51BEB307256E91CE00FB2876 /* CategoryItemView.swift in Sources */ = {isa = PBXBuildFile; fileRef = 51BEB306256E91CE00FB2876 /* CategoryItemView.swift */; };
		CF05F8A82567E7AD008080D7 /* MiniVibeApp.swift in Sources */ = {isa = PBXBuildFile; fileRef = CF05F8A72567E7AD008080D7 /* MiniVibeApp.swift */; };
		CF05F8AA2567E7AD008080D7 /* ContentView.swift in Sources */ = {isa = PBXBuildFile; fileRef = CF05F8A92567E7AD008080D7 /* ContentView.swift */; };
		CF05F8AC2567E7B0008080D7 /* Assets.xcassets in Resources */ = {isa = PBXBuildFile; fileRef = CF05F8AB2567E7B0008080D7 /* Assets.xcassets */; };
		CF05F8AF2567E7B0008080D7 /* Preview Assets.xcassets in Resources */ = {isa = PBXBuildFile; fileRef = CF05F8AE2567E7B0008080D7 /* Preview Assets.xcassets */; };
		CF05F8B12567E7B0008080D7 /* Persistence.swift in Sources */ = {isa = PBXBuildFile; fileRef = CF05F8B02567E7B0008080D7 /* Persistence.swift */; };
		CF05F8B42567E7B0008080D7 /* MiniVibe.xcdatamodeld in Sources */ = {isa = PBXBuildFile; fileRef = CF05F8B22567E7B0008080D7 /* MiniVibe.xcdatamodeld */; };
		CF05F8BF2567E7B0008080D7 /* MiniVibeTests.swift in Sources */ = {isa = PBXBuildFile; fileRef = CF05F8BE2567E7B0008080D7 /* MiniVibeTests.swift */; };
		CF05F8CA2567E7B0008080D7 /* MiniVibeUITests.swift in Sources */ = {isa = PBXBuildFile; fileRef = CF05F8C92567E7B0008080D7 /* MiniVibeUITests.swift */; };
/* End PBXBuildFile section */

/* Begin PBXContainerItemProxy section */
		CF05F8BB2567E7B0008080D7 /* PBXContainerItemProxy */ = {
			isa = PBXContainerItemProxy;
			containerPortal = CF05F89C2567E7AD008080D7 /* Project object */;
			proxyType = 1;
			remoteGlobalIDString = CF05F8A32567E7AD008080D7;
			remoteInfo = MiniVibe;
		};
		CF05F8C62567E7B0008080D7 /* PBXContainerItemProxy */ = {
			isa = PBXContainerItemProxy;
			containerPortal = CF05F89C2567E7AD008080D7 /* Project object */;
			proxyType = 1;
			remoteGlobalIDString = CF05F8A32567E7AD008080D7;
			remoteInfo = MiniVibe;
		};
/* End PBXContainerItemProxy section */

/* Begin PBXFileReference section */
		51BEB2E0256E2AB700FB2876 /* CategoryView.swift */ = {isa = PBXFileReference; lastKnownFileType = sourcecode.swift; path = CategoryView.swift; sourceTree = "<group>"; };
		51BEB2EA256E6D8400FB2876 /* TodayView.swift */ = {isa = PBXFileReference; lastKnownFileType = sourcecode.swift; path = TodayView.swift; sourceTree = "<group>"; };
		51BEB2EF256E6E6200FB2876 /* Category.swift */ = {isa = PBXFileReference; lastKnownFileType = sourcecode.swift; path = Category.swift; sourceTree = "<group>"; };
		51BEB2F4256E6ED600FB2876 /* CategoryItem.swift */ = {isa = PBXFileReference; lastKnownFileType = sourcecode.swift; path = CategoryItem.swift; sourceTree = "<group>"; };
		51BEB2FE256E91C400FB2876 /* CategoryInfoView.swift */ = {isa = PBXFileReference; lastKnownFileType = sourcecode.swift; path = CategoryInfoView.swift; sourceTree = "<group>"; };
		51BEB306256E91CE00FB2876 /* CategoryItemView.swift */ = {isa = PBXFileReference; lastKnownFileType = sourcecode.swift; path = CategoryItemView.swift; sourceTree = "<group>"; };
		CF05F8A42567E7AD008080D7 /* MiniVibe.app */ = {isa = PBXFileReference; explicitFileType = wrapper.application; includeInIndex = 0; path = MiniVibe.app; sourceTree = BUILT_PRODUCTS_DIR; };
		CF05F8A72567E7AD008080D7 /* MiniVibeApp.swift */ = {isa = PBXFileReference; lastKnownFileType = sourcecode.swift; path = MiniVibeApp.swift; sourceTree = "<group>"; };
		CF05F8A92567E7AD008080D7 /* ContentView.swift */ = {isa = PBXFileReference; lastKnownFileType = sourcecode.swift; path = ContentView.swift; sourceTree = "<group>"; };
		CF05F8AB2567E7B0008080D7 /* Assets.xcassets */ = {isa = PBXFileReference; lastKnownFileType = folder.assetcatalog; path = Assets.xcassets; sourceTree = "<group>"; };
		CF05F8AE2567E7B0008080D7 /* Preview Assets.xcassets */ = {isa = PBXFileReference; lastKnownFileType = folder.assetcatalog; path = "Preview Assets.xcassets"; sourceTree = "<group>"; };
		CF05F8B02567E7B0008080D7 /* Persistence.swift */ = {isa = PBXFileReference; lastKnownFileType = sourcecode.swift; path = Persistence.swift; sourceTree = "<group>"; };
		CF05F8B32567E7B0008080D7 /* MiniVibe.xcdatamodel */ = {isa = PBXFileReference; lastKnownFileType = wrapper.xcdatamodel; path = MiniVibe.xcdatamodel; sourceTree = "<group>"; };
		CF05F8B52567E7B0008080D7 /* Info.plist */ = {isa = PBXFileReference; lastKnownFileType = text.plist.xml; path = Info.plist; sourceTree = "<group>"; };
		CF05F8BA2567E7B0008080D7 /* MiniVibeTests.xctest */ = {isa = PBXFileReference; explicitFileType = wrapper.cfbundle; includeInIndex = 0; path = MiniVibeTests.xctest; sourceTree = BUILT_PRODUCTS_DIR; };
		CF05F8BE2567E7B0008080D7 /* MiniVibeTests.swift */ = {isa = PBXFileReference; lastKnownFileType = sourcecode.swift; path = MiniVibeTests.swift; sourceTree = "<group>"; };
		CF05F8C02567E7B0008080D7 /* Info.plist */ = {isa = PBXFileReference; lastKnownFileType = text.plist.xml; path = Info.plist; sourceTree = "<group>"; };
		CF05F8C52567E7B0008080D7 /* MiniVibeUITests.xctest */ = {isa = PBXFileReference; explicitFileType = wrapper.cfbundle; includeInIndex = 0; path = MiniVibeUITests.xctest; sourceTree = BUILT_PRODUCTS_DIR; };
		CF05F8C92567E7B0008080D7 /* MiniVibeUITests.swift */ = {isa = PBXFileReference; lastKnownFileType = sourcecode.swift; path = MiniVibeUITests.swift; sourceTree = "<group>"; };
		CF05F8CB2567E7B0008080D7 /* Info.plist */ = {isa = PBXFileReference; lastKnownFileType = text.plist.xml; path = Info.plist; sourceTree = "<group>"; };
/* End PBXFileReference section */

/* Begin PBXFrameworksBuildPhase section */
		CF05F8A12567E7AD008080D7 /* Frameworks */ = {
			isa = PBXFrameworksBuildPhase;
			buildActionMask = 2147483647;
			files = (
			);
			runOnlyForDeploymentPostprocessing = 0;
		};
		CF05F8B72567E7B0008080D7 /* Frameworks */ = {
			isa = PBXFrameworksBuildPhase;
			buildActionMask = 2147483647;
			files = (
			);
			runOnlyForDeploymentPostprocessing = 0;
		};
		CF05F8C22567E7B0008080D7 /* Frameworks */ = {
			isa = PBXFrameworksBuildPhase;
			buildActionMask = 2147483647;
			files = (
			);
			runOnlyForDeploymentPostprocessing = 0;
		};
/* End PBXFrameworksBuildPhase section */

/* Begin PBXGroup section */
		51BEB2FD256E918F00FB2876 /* Today */ = {
			isa = PBXGroup;
			children = (
				51BEB2E0256E2AB700FB2876 /* CategoryView.swift */,
				51BEB2FE256E91C400FB2876 /* CategoryInfoView.swift */,
				51BEB306256E91CE00FB2876 /* CategoryItemView.swift */,
				51BEB2EF256E6E6200FB2876 /* Category.swift */,
				51BEB2F4256E6ED600FB2876 /* CategoryItem.swift */,
				51BEB2EA256E6D8400FB2876 /* TodayView.swift */,
			);
			path = Today;
			sourceTree = "<group>";
		};
		CF05F89B2567E7AD008080D7 = {
			isa = PBXGroup;
			children = (
				CF05F8A62567E7AD008080D7 /* MiniVibe */,
				CF05F8BD2567E7B0008080D7 /* MiniVibeTests */,
				CF05F8C82567E7B0008080D7 /* MiniVibeUITests */,
				CF05F8A52567E7AD008080D7 /* Products */,
			);
			sourceTree = "<group>";
		};
		CF05F8A52567E7AD008080D7 /* Products */ = {
			isa = PBXGroup;
			children = (
				CF05F8A42567E7AD008080D7 /* MiniVibe.app */,
				CF05F8BA2567E7B0008080D7 /* MiniVibeTests.xctest */,
				CF05F8C52567E7B0008080D7 /* MiniVibeUITests.xctest */,
			);
			name = Products;
			sourceTree = "<group>";
		};
		CF05F8A62567E7AD008080D7 /* MiniVibe */ = {
			isa = PBXGroup;
			children = (
				CF05F8A72567E7AD008080D7 /* MiniVibeApp.swift */,
				CF05F8A92567E7AD008080D7 /* ContentView.swift */,
				CF05F8AB2567E7B0008080D7 /* Assets.xcassets */,
				CF05F8B02567E7B0008080D7 /* Persistence.swift */,
				CF05F8B52567E7B0008080D7 /* Info.plist */,
				51BEB2FD256E918F00FB2876 /* Today */,
				CF05F8B22567E7B0008080D7 /* MiniVibe.xcdatamodeld */,
				CF05F8AD2567E7B0008080D7 /* Preview Content */,
			);
			path = MiniVibe;
			sourceTree = "<group>";
		};
		CF05F8AD2567E7B0008080D7 /* Preview Content */ = {
			isa = PBXGroup;
			children = (
				CF05F8AE2567E7B0008080D7 /* Preview Assets.xcassets */,
			);
			path = "Preview Content";
			sourceTree = "<group>";
		};
		CF05F8BD2567E7B0008080D7 /* MiniVibeTests */ = {
			isa = PBXGroup;
			children = (
				CF05F8BE2567E7B0008080D7 /* MiniVibeTests.swift */,
				CF05F8C02567E7B0008080D7 /* Info.plist */,
			);
			path = MiniVibeTests;
			sourceTree = "<group>";
		};
		CF05F8C82567E7B0008080D7 /* MiniVibeUITests */ = {
			isa = PBXGroup;
			children = (
				CF05F8C92567E7B0008080D7 /* MiniVibeUITests.swift */,
				CF05F8CB2567E7B0008080D7 /* Info.plist */,
			);
			path = MiniVibeUITests;
			sourceTree = "<group>";
		};
/* End PBXGroup section */

/* Begin PBXNativeTarget section */
		CF05F8A32567E7AD008080D7 /* MiniVibe */ = {
			isa = PBXNativeTarget;
			buildConfigurationList = CF05F8CE2567E7B0008080D7 /* Build configuration list for PBXNativeTarget "MiniVibe" */;
			buildPhases = (
				CF05F8A02567E7AD008080D7 /* Sources */,
				CF05F8A12567E7AD008080D7 /* Frameworks */,
				CF05F8A22567E7AD008080D7 /* Resources */,
			);
			buildRules = (
			);
			dependencies = (
			);
			name = MiniVibe;
			productName = MiniVibe;
			productReference = CF05F8A42567E7AD008080D7 /* MiniVibe.app */;
			productType = "com.apple.product-type.application";
		};
		CF05F8B92567E7B0008080D7 /* MiniVibeTests */ = {
			isa = PBXNativeTarget;
			buildConfigurationList = CF05F8D12567E7B0008080D7 /* Build configuration list for PBXNativeTarget "MiniVibeTests" */;
			buildPhases = (
				CF05F8B62567E7B0008080D7 /* Sources */,
				CF05F8B72567E7B0008080D7 /* Frameworks */,
				CF05F8B82567E7B0008080D7 /* Resources */,
			);
			buildRules = (
			);
			dependencies = (
				CF05F8BC2567E7B0008080D7 /* PBXTargetDependency */,
			);
			name = MiniVibeTests;
			productName = MiniVibeTests;
			productReference = CF05F8BA2567E7B0008080D7 /* MiniVibeTests.xctest */;
			productType = "com.apple.product-type.bundle.unit-test";
		};
		CF05F8C42567E7B0008080D7 /* MiniVibeUITests */ = {
			isa = PBXNativeTarget;
			buildConfigurationList = CF05F8D42567E7B0008080D7 /* Build configuration list for PBXNativeTarget "MiniVibeUITests" */;
			buildPhases = (
				CF05F8C12567E7B0008080D7 /* Sources */,
				CF05F8C22567E7B0008080D7 /* Frameworks */,
				CF05F8C32567E7B0008080D7 /* Resources */,
			);
			buildRules = (
			);
			dependencies = (
				CF05F8C72567E7B0008080D7 /* PBXTargetDependency */,
			);
			name = MiniVibeUITests;
			productName = MiniVibeUITests;
			productReference = CF05F8C52567E7B0008080D7 /* MiniVibeUITests.xctest */;
			productType = "com.apple.product-type.bundle.ui-testing";
		};
/* End PBXNativeTarget section */

/* Begin PBXProject section */
		CF05F89C2567E7AD008080D7 /* Project object */ = {
			isa = PBXProject;
			attributes = {
				LastSwiftUpdateCheck = 1210;
				LastUpgradeCheck = 1210;
				TargetAttributes = {
					CF05F8A32567E7AD008080D7 = {
						CreatedOnToolsVersion = 12.1;
					};
					CF05F8B92567E7B0008080D7 = {
						CreatedOnToolsVersion = 12.1;
						TestTargetID = CF05F8A32567E7AD008080D7;
					};
					CF05F8C42567E7B0008080D7 = {
						CreatedOnToolsVersion = 12.1;
						TestTargetID = CF05F8A32567E7AD008080D7;
					};
				};
			};
			buildConfigurationList = CF05F89F2567E7AD008080D7 /* Build configuration list for PBXProject "MiniVibe" */;
			compatibilityVersion = "Xcode 9.3";
			developmentRegion = en;
			hasScannedForEncodings = 0;
			knownRegions = (
				en,
				Base,
			);
			mainGroup = CF05F89B2567E7AD008080D7;
			productRefGroup = CF05F8A52567E7AD008080D7 /* Products */;
			projectDirPath = "";
			projectRoot = "";
			targets = (
				CF05F8A32567E7AD008080D7 /* MiniVibe */,
				CF05F8B92567E7B0008080D7 /* MiniVibeTests */,
				CF05F8C42567E7B0008080D7 /* MiniVibeUITests */,
			);
		};
/* End PBXProject section */

/* Begin PBXResourcesBuildPhase section */
		CF05F8A22567E7AD008080D7 /* Resources */ = {
			isa = PBXResourcesBuildPhase;
			buildActionMask = 2147483647;
			files = (
				CF05F8AF2567E7B0008080D7 /* Preview Assets.xcassets in Resources */,
				CF05F8AC2567E7B0008080D7 /* Assets.xcassets in Resources */,
			);
			runOnlyForDeploymentPostprocessing = 0;
		};
		CF05F8B82567E7B0008080D7 /* Resources */ = {
			isa = PBXResourcesBuildPhase;
			buildActionMask = 2147483647;
			files = (
			);
			runOnlyForDeploymentPostprocessing = 0;
		};
		CF05F8C32567E7B0008080D7 /* Resources */ = {
			isa = PBXResourcesBuildPhase;
			buildActionMask = 2147483647;
			files = (
			);
			runOnlyForDeploymentPostprocessing = 0;
		};
/* End PBXResourcesBuildPhase section */

/* Begin PBXSourcesBuildPhase section */
		CF05F8A02567E7AD008080D7 /* Sources */ = {
			isa = PBXSourcesBuildPhase;
			buildActionMask = 2147483647;
			files = (
				51BEB2FF256E91C400FB2876 /* CategoryInfoView.swift in Sources */,
				CF05F8B42567E7B0008080D7 /* MiniVibe.xcdatamodeld in Sources */,
				51BEB2E1256E2AB700FB2876 /* CategoryView.swift in Sources */,
				CF05F8B12567E7B0008080D7 /* Persistence.swift in Sources */,
				51BEB2F5256E6ED600FB2876 /* CategoryItem.swift in Sources */,
				51BEB2EB256E6D8500FB2876 /* TodayView.swift in Sources */,
				CF05F8AA2567E7AD008080D7 /* ContentView.swift in Sources */,
				CF05F8A82567E7AD008080D7 /* MiniVibeApp.swift in Sources */,
				51BEB307256E91CE00FB2876 /* CategoryItemView.swift in Sources */,
				51BEB2F0256E6E6200FB2876 /* Category.swift in Sources */,
			);
			runOnlyForDeploymentPostprocessing = 0;
		};
		CF05F8B62567E7B0008080D7 /* Sources */ = {
			isa = PBXSourcesBuildPhase;
			buildActionMask = 2147483647;
			files = (
				CF05F8BF2567E7B0008080D7 /* MiniVibeTests.swift in Sources */,
			);
			runOnlyForDeploymentPostprocessing = 0;
		};
		CF05F8C12567E7B0008080D7 /* Sources */ = {
			isa = PBXSourcesBuildPhase;
			buildActionMask = 2147483647;
			files = (
				CF05F8CA2567E7B0008080D7 /* MiniVibeUITests.swift in Sources */,
			);
			runOnlyForDeploymentPostprocessing = 0;
		};
/* End PBXSourcesBuildPhase section */

/* Begin PBXTargetDependency section */
		CF05F8BC2567E7B0008080D7 /* PBXTargetDependency */ = {
			isa = PBXTargetDependency;
			target = CF05F8A32567E7AD008080D7 /* MiniVibe */;
			targetProxy = CF05F8BB2567E7B0008080D7 /* PBXContainerItemProxy */;
		};
		CF05F8C72567E7B0008080D7 /* PBXTargetDependency */ = {
			isa = PBXTargetDependency;
			target = CF05F8A32567E7AD008080D7 /* MiniVibe */;
			targetProxy = CF05F8C62567E7B0008080D7 /* PBXContainerItemProxy */;
		};
/* End PBXTargetDependency section */

/* Begin XCBuildConfiguration section */
		CF05F8CC2567E7B0008080D7 /* Debug */ = {
			isa = XCBuildConfiguration;
			buildSettings = {
				ALWAYS_SEARCH_USER_PATHS = NO;
				CLANG_ANALYZER_NONNULL = YES;
				CLANG_ANALYZER_NUMBER_OBJECT_CONVERSION = YES_AGGRESSIVE;
				CLANG_CXX_LANGUAGE_STANDARD = "gnu++14";
				CLANG_CXX_LIBRARY = "libc++";
				CLANG_ENABLE_MODULES = YES;
				CLANG_ENABLE_OBJC_ARC = YES;
				CLANG_ENABLE_OBJC_WEAK = YES;
				CLANG_WARN_BLOCK_CAPTURE_AUTORELEASING = YES;
				CLANG_WARN_BOOL_CONVERSION = YES;
				CLANG_WARN_COMMA = YES;
				CLANG_WARN_CONSTANT_CONVERSION = YES;
				CLANG_WARN_DEPRECATED_OBJC_IMPLEMENTATIONS = YES;
				CLANG_WARN_DIRECT_OBJC_ISA_USAGE = YES_ERROR;
				CLANG_WARN_DOCUMENTATION_COMMENTS = YES;
				CLANG_WARN_EMPTY_BODY = YES;
				CLANG_WARN_ENUM_CONVERSION = YES;
				CLANG_WARN_INFINITE_RECURSION = YES;
				CLANG_WARN_INT_CONVERSION = YES;
				CLANG_WARN_NON_LITERAL_NULL_CONVERSION = YES;
				CLANG_WARN_OBJC_IMPLICIT_RETAIN_SELF = YES;
				CLANG_WARN_OBJC_LITERAL_CONVERSION = YES;
				CLANG_WARN_OBJC_ROOT_CLASS = YES_ERROR;
				CLANG_WARN_QUOTED_INCLUDE_IN_FRAMEWORK_HEADER = YES;
				CLANG_WARN_RANGE_LOOP_ANALYSIS = YES;
				CLANG_WARN_STRICT_PROTOTYPES = YES;
				CLANG_WARN_SUSPICIOUS_MOVE = YES;
				CLANG_WARN_UNGUARDED_AVAILABILITY = YES_AGGRESSIVE;
				CLANG_WARN_UNREACHABLE_CODE = YES;
				CLANG_WARN__DUPLICATE_METHOD_MATCH = YES;
				COPY_PHASE_STRIP = NO;
				DEBUG_INFORMATION_FORMAT = dwarf;
				ENABLE_STRICT_OBJC_MSGSEND = YES;
				ENABLE_TESTABILITY = YES;
				GCC_C_LANGUAGE_STANDARD = gnu11;
				GCC_DYNAMIC_NO_PIC = NO;
				GCC_NO_COMMON_BLOCKS = YES;
				GCC_OPTIMIZATION_LEVEL = 0;
				GCC_PREPROCESSOR_DEFINITIONS = (
					"DEBUG=1",
					"$(inherited)",
				);
				GCC_WARN_64_TO_32_BIT_CONVERSION = YES;
				GCC_WARN_ABOUT_RETURN_TYPE = YES_ERROR;
				GCC_WARN_UNDECLARED_SELECTOR = YES;
				GCC_WARN_UNINITIALIZED_AUTOS = YES_AGGRESSIVE;
				GCC_WARN_UNUSED_FUNCTION = YES;
				GCC_WARN_UNUSED_VARIABLE = YES;
				IPHONEOS_DEPLOYMENT_TARGET = 14.1;
				MTL_ENABLE_DEBUG_INFO = INCLUDE_SOURCE;
				MTL_FAST_MATH = YES;
				ONLY_ACTIVE_ARCH = YES;
				SDKROOT = iphoneos;
				SWIFT_ACTIVE_COMPILATION_CONDITIONS = DEBUG;
				SWIFT_OPTIMIZATION_LEVEL = "-Onone";
			};
			name = Debug;
		};
		CF05F8CD2567E7B0008080D7 /* Release */ = {
			isa = XCBuildConfiguration;
			buildSettings = {
				ALWAYS_SEARCH_USER_PATHS = NO;
				CLANG_ANALYZER_NONNULL = YES;
				CLANG_ANALYZER_NUMBER_OBJECT_CONVERSION = YES_AGGRESSIVE;
				CLANG_CXX_LANGUAGE_STANDARD = "gnu++14";
				CLANG_CXX_LIBRARY = "libc++";
				CLANG_ENABLE_MODULES = YES;
				CLANG_ENABLE_OBJC_ARC = YES;
				CLANG_ENABLE_OBJC_WEAK = YES;
				CLANG_WARN_BLOCK_CAPTURE_AUTORELEASING = YES;
				CLANG_WARN_BOOL_CONVERSION = YES;
				CLANG_WARN_COMMA = YES;
				CLANG_WARN_CONSTANT_CONVERSION = YES;
				CLANG_WARN_DEPRECATED_OBJC_IMPLEMENTATIONS = YES;
				CLANG_WARN_DIRECT_OBJC_ISA_USAGE = YES_ERROR;
				CLANG_WARN_DOCUMENTATION_COMMENTS = YES;
				CLANG_WARN_EMPTY_BODY = YES;
				CLANG_WARN_ENUM_CONVERSION = YES;
				CLANG_WARN_INFINITE_RECURSION = YES;
				CLANG_WARN_INT_CONVERSION = YES;
				CLANG_WARN_NON_LITERAL_NULL_CONVERSION = YES;
				CLANG_WARN_OBJC_IMPLICIT_RETAIN_SELF = YES;
				CLANG_WARN_OBJC_LITERAL_CONVERSION = YES;
				CLANG_WARN_OBJC_ROOT_CLASS = YES_ERROR;
				CLANG_WARN_QUOTED_INCLUDE_IN_FRAMEWORK_HEADER = YES;
				CLANG_WARN_RANGE_LOOP_ANALYSIS = YES;
				CLANG_WARN_STRICT_PROTOTYPES = YES;
				CLANG_WARN_SUSPICIOUS_MOVE = YES;
				CLANG_WARN_UNGUARDED_AVAILABILITY = YES_AGGRESSIVE;
				CLANG_WARN_UNREACHABLE_CODE = YES;
				CLANG_WARN__DUPLICATE_METHOD_MATCH = YES;
				COPY_PHASE_STRIP = NO;
				DEBUG_INFORMATION_FORMAT = "dwarf-with-dsym";
				ENABLE_NS_ASSERTIONS = NO;
				ENABLE_STRICT_OBJC_MSGSEND = YES;
				GCC_C_LANGUAGE_STANDARD = gnu11;
				GCC_NO_COMMON_BLOCKS = YES;
				GCC_WARN_64_TO_32_BIT_CONVERSION = YES;
				GCC_WARN_ABOUT_RETURN_TYPE = YES_ERROR;
				GCC_WARN_UNDECLARED_SELECTOR = YES;
				GCC_WARN_UNINITIALIZED_AUTOS = YES_AGGRESSIVE;
				GCC_WARN_UNUSED_FUNCTION = YES;
				GCC_WARN_UNUSED_VARIABLE = YES;
				IPHONEOS_DEPLOYMENT_TARGET = 14.1;
				MTL_ENABLE_DEBUG_INFO = NO;
				MTL_FAST_MATH = YES;
				SDKROOT = iphoneos;
				SWIFT_COMPILATION_MODE = wholemodule;
				SWIFT_OPTIMIZATION_LEVEL = "-O";
				VALIDATE_PRODUCT = YES;
			};
			name = Release;
		};
		CF05F8CF2567E7B0008080D7 /* Debug */ = {
			isa = XCBuildConfiguration;
			buildSettings = {
				ASSETCATALOG_COMPILER_APPICON_NAME = AppIcon;
				ASSETCATALOG_COMPILER_GLOBAL_ACCENT_COLOR_NAME = AccentColor;
				CODE_SIGN_STYLE = Automatic;
				DEVELOPMENT_ASSET_PATHS = "\"MiniVibe/Preview Content\"";
				DEVELOPMENT_TEAM = B3PWYBKFUK;
				ENABLE_PREVIEWS = YES;
				INFOPLIST_FILE = MiniVibe/Info.plist;
				IPHONEOS_DEPLOYMENT_TARGET = 14.0;
				LD_RUNPATH_SEARCH_PATHS = (
					"$(inherited)",
					"@executable_path/Frameworks",
				);
				PRODUCT_BUNDLE_IDENTIFIER = kr.yeonduing.MiniVibe;
				PRODUCT_NAME = "$(TARGET_NAME)";
				SWIFT_VERSION = 5.0;
				TARGETED_DEVICE_FAMILY = "1,2";
			};
			name = Debug;
		};
		CF05F8D02567E7B0008080D7 /* Release */ = {
			isa = XCBuildConfiguration;
			buildSettings = {
				ASSETCATALOG_COMPILER_APPICON_NAME = AppIcon;
				ASSETCATALOG_COMPILER_GLOBAL_ACCENT_COLOR_NAME = AccentColor;
				CODE_SIGN_STYLE = Automatic;
				DEVELOPMENT_ASSET_PATHS = "\"MiniVibe/Preview Content\"";
				DEVELOPMENT_TEAM = B3PWYBKFUK;
				ENABLE_PREVIEWS = YES;
				INFOPLIST_FILE = MiniVibe/Info.plist;
				IPHONEOS_DEPLOYMENT_TARGET = 14.0;
				LD_RUNPATH_SEARCH_PATHS = (
					"$(inherited)",
					"@executable_path/Frameworks",
				);
				PRODUCT_BUNDLE_IDENTIFIER = kr.yeonduing.MiniVibe;
				PRODUCT_NAME = "$(TARGET_NAME)";
				SWIFT_VERSION = 5.0;
				TARGETED_DEVICE_FAMILY = "1,2";
			};
			name = Release;
		};
		CF05F8D22567E7B0008080D7 /* Debug */ = {
			isa = XCBuildConfiguration;
			buildSettings = {
				ALWAYS_EMBED_SWIFT_STANDARD_LIBRARIES = YES;
				BUNDLE_LOADER = "$(TEST_HOST)";
				CODE_SIGN_STYLE = Automatic;
				INFOPLIST_FILE = MiniVibeTests/Info.plist;
				IPHONEOS_DEPLOYMENT_TARGET = 14.0;
				LD_RUNPATH_SEARCH_PATHS = (
					"$(inherited)",
					"@executable_path/Frameworks",
					"@loader_path/Frameworks",
				);
				PRODUCT_BUNDLE_IDENTIFIER = kr.yeonduing.MiniVibeTests;
				PRODUCT_NAME = "$(TARGET_NAME)";
				SWIFT_VERSION = 5.0;
				TARGETED_DEVICE_FAMILY = "1,2";
				TEST_HOST = "$(BUILT_PRODUCTS_DIR)/MiniVibe.app/MiniVibe";
			};
			name = Debug;
		};
		CF05F8D32567E7B0008080D7 /* Release */ = {
			isa = XCBuildConfiguration;
			buildSettings = {
				ALWAYS_EMBED_SWIFT_STANDARD_LIBRARIES = YES;
				BUNDLE_LOADER = "$(TEST_HOST)";
				CODE_SIGN_STYLE = Automatic;
				INFOPLIST_FILE = MiniVibeTests/Info.plist;
				IPHONEOS_DEPLOYMENT_TARGET = 14.0;
				LD_RUNPATH_SEARCH_PATHS = (
					"$(inherited)",
					"@executable_path/Frameworks",
					"@loader_path/Frameworks",
				);
				PRODUCT_BUNDLE_IDENTIFIER = kr.yeonduing.MiniVibeTests;
				PRODUCT_NAME = "$(TARGET_NAME)";
				SWIFT_VERSION = 5.0;
				TARGETED_DEVICE_FAMILY = "1,2";
				TEST_HOST = "$(BUILT_PRODUCTS_DIR)/MiniVibe.app/MiniVibe";
			};
			name = Release;
		};
		CF05F8D52567E7B0008080D7 /* Debug */ = {
			isa = XCBuildConfiguration;
			buildSettings = {
				ALWAYS_EMBED_SWIFT_STANDARD_LIBRARIES = YES;
				CODE_SIGN_STYLE = Automatic;
				INFOPLIST_FILE = MiniVibeUITests/Info.plist;
				LD_RUNPATH_SEARCH_PATHS = (
					"$(inherited)",
					"@executable_path/Frameworks",
					"@loader_path/Frameworks",
				);
				PRODUCT_BUNDLE_IDENTIFIER = kr.yeonduing.MiniVibeUITests;
				PRODUCT_NAME = "$(TARGET_NAME)";
				SWIFT_VERSION = 5.0;
				TARGETED_DEVICE_FAMILY = "1,2";
				TEST_TARGET_NAME = MiniVibe;
			};
			name = Debug;
		};
		CF05F8D62567E7B0008080D7 /* Release */ = {
			isa = XCBuildConfiguration;
			buildSettings = {
				ALWAYS_EMBED_SWIFT_STANDARD_LIBRARIES = YES;
				CODE_SIGN_STYLE = Automatic;
				INFOPLIST_FILE = MiniVibeUITests/Info.plist;
				LD_RUNPATH_SEARCH_PATHS = (
					"$(inherited)",
					"@executable_path/Frameworks",
					"@loader_path/Frameworks",
				);
				PRODUCT_BUNDLE_IDENTIFIER = kr.yeonduing.MiniVibeUITests;
				PRODUCT_NAME = "$(TARGET_NAME)";
				SWIFT_VERSION = 5.0;
				TARGETED_DEVICE_FAMILY = "1,2";
				TEST_TARGET_NAME = MiniVibe;
			};
			name = Release;
		};
/* End XCBuildConfiguration section */

/* Begin XCConfigurationList section */
		CF05F89F2567E7AD008080D7 /* Build configuration list for PBXProject "MiniVibe" */ = {
			isa = XCConfigurationList;
			buildConfigurations = (
				CF05F8CC2567E7B0008080D7 /* Debug */,
				CF05F8CD2567E7B0008080D7 /* Release */,
			);
			defaultConfigurationIsVisible = 0;
			defaultConfigurationName = Release;
		};
		CF05F8CE2567E7B0008080D7 /* Build configuration list for PBXNativeTarget "MiniVibe" */ = {
			isa = XCConfigurationList;
			buildConfigurations = (
				CF05F8CF2567E7B0008080D7 /* Debug */,
				CF05F8D02567E7B0008080D7 /* Release */,
			);
			defaultConfigurationIsVisible = 0;
			defaultConfigurationName = Release;
		};
		CF05F8D12567E7B0008080D7 /* Build configuration list for PBXNativeTarget "MiniVibeTests" */ = {
			isa = XCConfigurationList;
			buildConfigurations = (
				CF05F8D22567E7B0008080D7 /* Debug */,
				CF05F8D32567E7B0008080D7 /* Release */,
			);
			defaultConfigurationIsVisible = 0;
			defaultConfigurationName = Release;
		};
		CF05F8D42567E7B0008080D7 /* Build configuration list for PBXNativeTarget "MiniVibeUITests" */ = {
			isa = XCConfigurationList;
			buildConfigurations = (
				CF05F8D52567E7B0008080D7 /* Debug */,
				CF05F8D62567E7B0008080D7 /* Release */,
			);
			defaultConfigurationIsVisible = 0;
			defaultConfigurationName = Release;
		};
/* End XCConfigurationList section */

/* Begin XCVersionGroup section */
		CF05F8B22567E7B0008080D7 /* MiniVibe.xcdatamodeld */ = {
			isa = XCVersionGroup;
			children = (
				CF05F8B32567E7B0008080D7 /* MiniVibe.xcdatamodel */,
			);
			currentVersion = CF05F8B32567E7B0008080D7 /* MiniVibe.xcdatamodel */;
			path = MiniVibe.xcdatamodeld;
			sourceTree = "<group>";
			versionGroupType = wrapper.xcdatamodel;
		};
/* End XCVersionGroup section */
	};
	rootObject = CF05F89C2567E7AD008080D7 /* Project object */;
}
